{
  "name": "workers-release-proof",
  "version": "0.1.3",
  "lockfileVersion": 3,
  "requires": true,
  "packages": {
    "": {
      "name": "workers-release-proof",
      "version": "0.1.3",
      "license": "Apache-2.0",
      "bin": {
        "workers-release-proof": "bin/workers-release-proof.mjs"
      },
      "engines": {
        "node": ">=22"
      }
    }
  }
}
